
Microsoft Visual Studio Solution File, Format Version 12.00
# Visual Studio 15
VisualStudioVersion = 15.0.28010.2016
MinimumVisualStudioVersion = 10.0.40219.1
Project("{FAE04EC0-301F-11D3-BF4B-00C04F79EFBC}") = "FarmVille(Step4FinishedProduct)", "FarmVille\FarmVille(Step4FinishedProduct).csproj", "{AE81EBDB-3450-4E64-B79A-72D6073D7322}"
EndProject
Project("{FAE04EC0-301F-11D3-BF4B-00C04F79EFBC}") = "Step1Exercise5A", "Step1Exercise5A\Step1Exercise5A.csproj", "{BE6132CC-59E7-42C7-B1AC-5A5AF42B1782}"
EndProject
Project("{FAE04EC0-301F-11D3-BF4B-00C04F79EFBC}") = "Step2Exercise5A", "Step2Exercise5A\Step2Exercise5A.csproj", "{792FB812-66A2-45E2-9F06-9DD224C2215B}"
EndProject
Project("{FAE04EC0-301F-11D3-BF4B-00C04F79EFBC}") = "Step3Exercise5A", "Step3Exercise5A\Step3Exercise5A.csproj", "{2F59DC64-DA30-4441-B058-1EFE94AC0B5C}"
EndProject
Global
	GlobalSection(SolutionConfigurationPlatforms) = preSolution
		Debug|Any CPU = Debug|Any CPU
		Release|Any CPU = Release|Any CPU
	EndGlobalSection
	GlobalSection(ProjectConfigurationPlatforms) = postSolution
		{AE81EBDB-3450-4E64-B79A-72D6073D7322}.Debug|Any CPU.ActiveCfg = Debug|Any CPU
		{AE81EBDB-3450-4E64-B79A-72D6073D7322}.Debug|Any CPU.Build.0 = Debug|Any CPU
		{AE81EBDB-3450-4E64-B79A-72D6073D7322}.Release|Any CPU.ActiveCfg = Release|Any CPU
		{AE81EBDB-3450-4E64-B79A-72D6073D7322}.Release|Any CPU.Build.0 = Release|Any CPU
		{BE6132CC-59E7-42C7-B1AC-5A5AF42B1782}.Debug|Any CPU.ActiveCfg = Debug|Any CPU
		{BE6132CC-59E7-42C7-B1AC-5A5AF42B1782}.Debug|Any CPU.Build.0 = Debug|Any CPU
		{BE6132CC-59E7-42C7-B1AC-5A5AF42B1782}.Release|Any CPU.ActiveCfg = Release|Any CPU
		{BE6132CC-59E7-42C7-B1AC-5A5AF42B1782}.Release|Any CPU.Build.0 = Release|Any CPU
		{792FB812-66A2-45E2-9F06-9DD224C2215B}.Debug|Any CPU.ActiveCfg = Debug|Any CPU
		{792FB812-66A2-45E2-9F06-9DD224C2215B}.Debug|Any CPU.Build.0 = Debug|Any CPU
		{792FB812-66A2-45E2-9F06-9DD224C2215B}.Release|Any CPU.ActiveCfg = Release|Any CPU
		{792FB812-66A2-45E2-9F06-9DD224C2215B}.Release|Any CPU.Build.0 = Release|Any CPU
		{2F59DC64-DA30-4441-B058-1EFE94AC0B5C}.Debug|Any CPU.ActiveCfg = Debug|Any CPU
		{2F59DC64-DA30-4441-B058-1EFE94AC0B5C}.Debug|Any CPU.Build.0 = Debug|Any CPU
		{2F59DC64-DA30-4441-B058-1EFE94AC0B5C}.Release|Any CPU.ActiveCfg = Release|Any CPU
		{2F59DC64-DA30-4441-B058-1EFE94AC0B5C}.Release|Any CPU.Build.0 = Release|Any CPU
	EndGlobalSection
	GlobalSection(SolutionProperties) = preSolution
		HideSolutionNode = FALSE
	EndGlobalSection
	GlobalSection(ExtensibilityGlobals) = postSolution
		SolutionGuid = {E22F658E-1580-4EC5-B605-96886360275A}
	EndGlobalSection
EndGlobal
